{
  "version": 4,
  "terraform_version": "1.8.4",
  "serial": 14,
  "lineage": "baab1aad-a9d5-26bd-3a3c-54444fb26160",
  "outputs": {},
  "resources": [
    {
      "mode": "data",
      "type": "spotify_search_track",
      "name": "SidSriram",
      "provider": "provider[\"registry.terraform.io/conradludgate/spotify\"]",
      "instances": [
        {
          "schema_version": 0,
          "attributes": {
            "album": null,
            "artist": "Sid Sriram",
            "explicit": true,
            "id": "1722352270",
            "limit": 30,
            "name": null,
            "tracks": [
              {
                "album": "1oPxcJKM3apMctuAo60QSS",
                "artists": [
                  "3ocTwOjekTkFdD695eKuQr",
                  "7qjJw7ZM2ekDSahLXPjIlN",
                  "0dFN2csM7engJcblm8Lx8H"
                ],
                "id": "4EkYBqzQCGDVNoL3NU4WZo",
                "name": "Vaa Senthaazhini - From \"Adiyae\""
              },
              {
                "album": "7r8A3HBoG7OvQUEBjecUe1",
                "artists": [
                  "0goFlPiv6xhrgMwqwUss9Z",
                  "7qjJw7ZM2ekDSahLXPjIlN",
                  "4svvMm4TQnkphZJfhLCzzv"
                ],
                "id": "3Chq3BCsBaK3VHX7yPtAC4",
                "name": "Urike Urike"
              },
              {
                "album": "0dCwYrUoJ5HynQ1L9DcFAw",
                "artists": [
                  "7qjJw7ZM2ekDSahLXPjIlN",
                  "4b1Ua3aYPP6ppvnqZdOHjV",
                  "51jfCC7m2rTGPDz06E2nvS"
                ],
                "id": "6kPYrnBJubso1t47lbXvNU",
                "name": "Uyire"
              },
              {
                "album": "287bcBsBqqod9rNEsITpJN",
                "artists": [
                  "7qjJw7ZM2ekDSahLXPjIlN"
                ],
                "id": "15tihU7QrnhaBvE7hXGDwa",
                "name": "Maate Vinadhuga"
              },
              {
                "album": "0bI7C4I6FzlNlZZDqJOfDJ",
                "artists": [
                  "4f7KfxeHq9BiylGmyXepGt",
                  "7qjJw7ZM2ekDSahLXPjIlN",
                  "4x2ISDzC44n2AmVAiBTp4g"
                ],
                "id": "5Tn2aBp45QypSmCpmhKtJN",
                "name": "Kalalo Kooda"
              },
              {
                "album": "0PqDwbg5QiH6S0uZTPWJR8",
                "artists": [
                  "1mYsTxnqsietFxj1OgoGbG",
                  "7qjJw7ZM2ekDSahLXPjIlN",
                  "4QoJ8BoHjdNimxhVftuiar"
                ],
                "id": "5dG3KI5rIUwiUQNNr3Y1to",
                "name": "Nuvvunte Naa Jathagaa"
              },
              {
                "album": "6a287rBCL3c5YmfQ9JiQkB",
                "artists": [
                  "7qjJw7ZM2ekDSahLXPjIlN",
                  "5ds7YHzRIeaGrAKGPR62fA"
                ],
                "id": "37KgM3qNYvDdMC9m6IvBOf",
                "name": "Nijame Ne Chebutunna"
              },
              {
                "album": "4Y48mLFqW5aJ7LRoUUMx6J",
                "artists": [
                  "7qjJw7ZM2ekDSahLXPjIlN",
                  "5Ljk2MIIax91pypZ9Wcgaj"
                ],
                "id": "6z15tFRtCyiSorSGaKLJeu",
                "name": "Vellipomaake"
              },
              {
                "album": "4X8f6Xj3EHnv6haTEByM3X",
                "artists": [
                  "7qjJw7ZM2ekDSahLXPjIlN"
                ],
                "id": "5JnXwEckWO0oFijOyTZDLf",
                "name": "Inkem Inkem Inkem Kaavaale"
              },
              {
                "album": "0XEhNGVpjOxDoi8ByFyPFR",
                "artists": [
                  "0wv5i0ds2z040yx7oL6UZy",
                  "7qjJw7ZM2ekDSahLXPjIlN"
                ],
                "id": "5cfKBuE5XKtlaNOVjQwA9H",
                "name": "Kadhaippoma (From \"Oh My Kadavule\")"
              },
              {
                "album": "6y3yImd357ZGmMfb0mb1ts",
                "artists": [
                  "1mYsTxnqsietFxj1OgoGbG",
                  "7qjJw7ZM2ekDSahLXPjIlN"
                ],
                "id": "0vua5LbAth2HzKqpbnVRZk",
                "name": "Nee Singam Dhan"
              },
              {
                "album": "35CCKYAkZ8GHzIb1rbDND5",
                "artists": [
                  "7qjJw7ZM2ekDSahLXPjIlN"
                ],
                "id": "6jUscicoyUljrPOdQCfhnd",
                "name": "Undiporaadhey"
              },
              {
                "album": "3kb1aQFDtAbPoGqf6X8jh9",
                "artists": [
                  "7qjJw7ZM2ekDSahLXPjIlN",
                  "3jw2v5ZbSWBinNaECXq8cJ"
                ],
                "id": "1hhLL2eWsnPtYCdDjbiRIU",
                "name": "Thaarame Thaarame"
              },
              {
                "album": "3Z6fqZ8KtrWQmEfK0ZWwPp",
                "artists": [
                  "7qjJw7ZM2ekDSahLXPjIlN"
                ],
                "id": "3j9DrRebdWK1jkpOw9FZUy",
                "name": "Samajavaragamana"
              },
              {
                "album": "0PSOoUkPG2oOSOVqAk3L7r",
                "artists": [
                  "7qjJw7ZM2ekDSahLXPjIlN",
                  "0oOet2f43PA68X5RxKobEy"
                ],
                "id": "6qRiVOBexkxK4BxSt1j6rn",
                "name": "Anbae Peranbae"
              },
              {
                "album": "6CulSk0k3tb1La8QAagSj1",
                "artists": [
                  "7qjJw7ZM2ekDSahLXPjIlN",
                  "2Fl0BwBH1KNwkrinajN5dI",
                  "0kuJvSWvqLidbIjQaJh8DA",
                  "3RN1T82XXhayseL1rCdJnp"
                ],
                "id": "1VxCdnd46iCgHP5zXGCXPe",
                "name": "Nira - From \"Takkar\""
              },
              {
                "album": "7u2XibFdWx7ru0qUKHgkOe",
                "artists": [
                  "6AiX12wXdXFoGJ2vk8zBjy",
                  "7qjJw7ZM2ekDSahLXPjIlN"
                ],
                "id": "3LP4QpKptfe2yEC7oG5iNa",
                "name": "Ennai Vittu (From \"Love Today\")"
              },
              {
                "album": "0ZF2WvYiOVQwz2qnUUioTn",
                "artists": [
                  "7qjJw7ZM2ekDSahLXPjIlN",
                  "1Ixc8hKrbw01MHtuP6SNUH",
                  "3Q80PCEUBCiRhLSWdQApNt",
                  "2d87Ln0p2Bjipl9mzvlA2t"
                ],
                "id": "4hTcGYU6uXZVCAfIMsxhlC",
                "name": "Parayuvaan - From \"Ishq\""
              },
              {
                "album": "3SMDIeiDW078rfNecRuq66",
                "artists": [
                  "5VvulDYNoxmP3ey1yGddvB",
                  "7qjJw7ZM2ekDSahLXPjIlN"
                ],
                "id": "6voQcZ46RMVPfg6O7sBn5U",
                "name": "Idhuvum Kadandhu Pogum (The Healing Song) (From \"Netrikann\")"
              },
              {
                "album": "3hDQpJsEBtu5cIXUtC8ykc",
                "artists": [
                  "5t97rjifUl8d4HNwSzbCv9",
                  "7qjJw7ZM2ekDSahLXPjIlN"
                ],
                "id": "1AzNN19lPYC68iacrbWL8X",
                "name": "Mudhal Nee Mudivum Nee Title Track (From \"Mudhal Nee Mudivum Nee\")"
              },
              {
                "album": "3IvKduSq7d2SnZiwxA7hJK",
                "artists": [
                  "7qjJw7ZM2ekDSahLXPjIlN"
                ],
                "id": "2GYzXSeNa3Y0BfIfS1VJj3",
                "name": "Yaen Ennai Pirindhaai"
              },
              {
                "album": "2eGMsf3wqm3u0fdcvpszk3",
                "artists": [
                  "5t97rjifUl8d4HNwSzbCv9",
                  "7qjJw7ZM2ekDSahLXPjIlN",
                  "12CpR4SNDzVIlDoPSeNFeW"
                ],
                "id": "2YSqGWbslJCfXPXAciQwg1",
                "name": "Visiri"
              },
              {
                "album": "1fYpftlxL5gVVKIz8kZ8lr",
                "artists": [
                  "1mYsTxnqsietFxj1OgoGbG",
                  "7qjJw7ZM2ekDSahLXPjIlN",
                  "5UqyE5tsMWcrOAjOtROW6B"
                ],
                "id": "7mLEUzAulFygMchoGMrP8E",
                "name": "Ennodu Nee Irundhaal"
              },
              {
                "album": "46lQIQOAUOOKiOZFYFPJHh",
                "artists": [
                  "7qjJw7ZM2ekDSahLXPjIlN",
                  "6AiX12wXdXFoGJ2vk8zBjy"
                ],
                "id": "0zDmCKN7OlRmNmeiiJAyOR",
                "name": "High on Love"
              },
              {
                "album": "78uqEhVzpdnpBvFMezoxpA",
                "artists": [
                  "5FVBduYaeVBb6JIghza7v6",
                  "25Pa1Vz1ZuTHmXPiYeMcgx",
                  "7qjJw7ZM2ekDSahLXPjIlN"
                ],
                "id": "2UbUqswNGUYofPyX65o9e6",
                "name": "Ennadi Maayavi Nee (From \"VadaChennai\")"
              },
              {
                "album": "6ORDYnNAskVUmXrb0UnU8F",
                "artists": [
                  "6AiX12wXdXFoGJ2vk8zBjy",
                  "7qjJw7ZM2ekDSahLXPjIlN"
                ],
                "id": "78tblPcz2otRZd1VOeU7zz",
                "name": "Kanja Poovu Kannala (From \"Viruman\")"
              },
              {
                "album": "2eGMsf3wqm3u0fdcvpszk3",
                "artists": [
                  "5t97rjifUl8d4HNwSzbCv9",
                  "7qjJw7ZM2ekDSahLXPjIlN"
                ],
                "id": "7dbzO881X6TVJST6EKhnDg",
                "name": "Maruvaarthai"
              },
              {
                "album": "43MRDI02yQ8V1lGyveTq4C",
                "artists": [
                  "4zCH9qm4R2DADamUHMCa6O",
                  "1yzwPGlvrRLlhYkCRYde5z",
                  "7qjJw7ZM2ekDSahLXPjIlN"
                ],
                "id": "4QROxOGtSMviE3NydK7Hpo",
                "name": "Yennai Maatrum Kadhale (From \"Naanum Rowdy Dhaan\")"
              },
              {
                "album": "07zKfMmyPo0FCMqngBBckL",
                "artists": [
                  "3jw2v5ZbSWBinNaECXq8cJ",
                  "7qjJw7ZM2ekDSahLXPjIlN"
                ],
                "id": "2ZqzELrxZZyeTPSR7GZBH4",
                "name": "Yaar Azhaippadhu"
              },
              {
                "album": "7A1a3MfIKFJv0TrMs6jbPV",
                "artists": [
                  "7zFBW2JxM4bgTTKxCRcS8Q",
                  "7qjJw7ZM2ekDSahLXPjIlN"
                ],
                "id": "2gp0OtnltLdrcNhKHVL2qM",
                "name": "Nee Nenacha"
              }
            ],
            "year": null
          },
          "sensitive_attributes": []
        }
      ]
    },
    {
      "mode": "data",
      "type": "spotify_track",
      "name": "ANIMAL",
      "provider": "provider[\"registry.terraform.io/conradludgate/spotify\"]",
      "instances": [
        {
          "schema_version": 0,
          "attributes": {
            "album": "5t9GkWCQGb0ejyH3c8zF1P",
            "artists": [
              "0LSPREIgGMZXCuKVel7LVD",
              "5o36rLQd78Zh8CaT8rn59d",
              "73q7QOnwGy6huqoJ9JCRYD"
            ],
            "id": "3e7CUrRaEgSmbk5XxlAgWc",
            "name": "Ney Veyrey",
            "spotify_id": null,
            "url": "https://open.spotify.com/track/3e7CUrRaEgSmbk5XxlAgWc"
          },
          "sensitive_attributes": []
        }
      ]
    },
    {
      "mode": "data",
      "type": "spotify_track",
      "name": "HiNanna",
      "provider": "provider[\"registry.terraform.io/conradludgate/spotify\"]",
      "instances": [
        {
          "schema_version": 0,
          "attributes": {
            "album": "1dpKR9xGrVPqN4l78ymrKD",
            "artists": [
              "7zAp0JbkavFg2rcMGvANtP",
              "4tejKImNVmDcORNBuZ1l14"
            ],
            "id": "4wyH79ssNezGR59geMIRdw",
            "name": "Ammaadi",
            "spotify_id": null,
            "url": "https://open.spotify.com/track/4wyH79ssNezGR59geMIRdw"
          },
          "sensitive_attributes": []
        }
      ]
    },
    {
      "mode": "data",
      "type": "spotify_track",
      "name": "OriDevuda",
      "provider": "provider[\"registry.terraform.io/conradludgate/spotify\"]",
      "instances": [
        {
          "schema_version": 0,
          "attributes": {
            "album": "4xHRFBtcZJ98Az3pKKKTTu",
            "artists": [
              "0wv5i0ds2z040yx7oL6UZy",
              "7qjJw7ZM2ekDSahLXPjIlN"
            ],
            "id": "3Pz9uBUfnd1OVwZmciTJtt",
            "name": "Avunanavaa",
            "spotify_id": null,
            "url": "https://open.spotify.com/track/3Pz9uBUfnd1OVwZmciTJtt"
          },
          "sensitive_attributes": []
        }
      ]
    },
    {
      "mode": "data",
      "type": "spotify_track",
      "name": "Pushpa",
      "provider": "provider[\"registry.terraform.io/conradludgate/spotify\"]",
      "instances": [
        {
          "schema_version": 0,
          "attributes": {
            "album": "1PiWJYmGI9HpaVuaWYk9th",
            "artists": [
              "2oLVeyUyYNFELwC93iZWGG"
            ],
            "id": "3Pbcs5mIXWksIfPEpzlyI1",
            "name": "Saami Saami",
            "spotify_id": null,
            "url": "https://open.spotify.com/track/3Pbcs5mIXWksIfPEpzlyI1"
          },
          "sensitive_attributes": []
        }
      ]
    },
    {
      "mode": "managed",
      "type": "spotify_library",
      "name": "FavoLib",
      "provider": "provider[\"registry.terraform.io/conradludgate/spotify\"]",
      "instances": [
        {
          "schema_version": 0,
          "attributes": {
            "id": "library",
            "tracks": [
              "3Pbcs5mIXWksIfPEpzlyI1",
              "3Pz9uBUfnd1OVwZmciTJtt",
              "3e7CUrRaEgSmbk5XxlAgWc",
              "4wyH79ssNezGR59geMIRdw"
            ]
          },
          "sensitive_attributes": [],
          "private": "bnVsbA==",
          "dependencies": [
            "data.spotify_track.ANIMAL",
            "data.spotify_track.HiNanna",
            "data.spotify_track.OriDevuda",
            "data.spotify_track.Pushpa"
          ]
        }
      ]
    },
    {
      "mode": "managed",
      "type": "spotify_playlist",
      "name": "Hakunama-tAtA-AAAaaa",
      "provider": "provider[\"registry.terraform.io/conradludgate/spotify\"]",
      "instances": [
        {
          "schema_version": 0,
          "attributes": {
            "description": "",
            "id": "1D3qrBIM2lEichswCEmsRV",
            "name": "Hakunama-tAtA-AAAaaa",
            "public": true,
            "snapshot_id": "AAAAAuAliwpy8VXPoIEf90DcPvKNlzYi",
            "tracks": [
              "6SoO9WsLHXlBsc9ZGtrLkO",
              "6pOgSsYAmQHlpz9yFRbIJE",
              "4MNmEidSW3Kr4adSygMwiE",
              "2rDPTKSWgUbFuV1jFzPqvE",
              "0v77QqHiZUvfJkCk2rGRqw"
            ]
          },
          "sensitive_attributes": [],
          "private": "bnVsbA=="
        }
      ]
    }
  ],
  "check_results": null
}
